Microsoft Visual Studio Solution File, Format Version 12.00
# Visual Studio Version 17
VisualStudioVersion = 17.5.2.0
MinimumVisualStudioVersion = 10.0.40219.1
Project("{FAE04EC0-301F-11D3-BF4B-00C04F79EFBC}") = "ModpackInstaller", "ModpackInstaller\ModpackInstaller.csproj", "{40FCE22B-58CA-4ECC-87F6-411EA2DCEE0E}"
EndProject
Project("{FAE04EC0-301F-11D3-BF4B-00C04F79EFBC}") = "ModpackInstaller.Desktop", "ModpackInstaller.Desktop\ModpackInstaller.Desktop.csproj", "{B38E2B80-D395-43C6-8F4E-79223AAF2CDA}"
EndProject
Project("{FAE04EC0-301F-11D3-BF4B-00C04F79EFBC}") = "ModpackInstaller.Tests", "ModpackInstaller.Tests\ModpackInstaller.Tests.csproj", "{D28ED644-4C8F-4C62-8B50-975102482987}"
EndProject
Global
	GlobalSection(SolutionConfigurationPlatforms) = preSolution
		Debug|Any CPU = Debug|Any CPU
		Debug|ARM = Debug|ARM
		Debug|ARM64 = Debug|ARM64
		Debug|x64 = Debug|x64
		Debug|x86 = Debug|x86
		Release|Any CPU = Release|Any CPU
		Release|ARM = Release|ARM
		Release|ARM64 = Release|ARM64
		Release|x64 = Release|x64
		Release|x86 = Release|x86
	EndGlobalSection
	GlobalSection(ProjectConfigurationPlatforms) = postSolution
		{40FCE22B-58CA-4ECC-87F6-411EA2DCEE0E}.Debug|Any CPU.ActiveCfg = Debug|Any CPU
		{40FCE22B-58CA-4ECC-87F6-411EA2DCEE0E}.Debug|Any CPU.Build.0 = Debug|Any CPU
		{40FCE22B-58CA-4ECC-87F6-411EA2DCEE0E}.Debug|ARM.ActiveCfg = Debug|Any CPU
		{40FCE22B-58CA-4ECC-87F6-411EA2DCEE0E}.Debug|ARM.Build.0 = Debug|Any CPU
		{40FCE22B-58CA-4ECC-87F6-411EA2DCEE0E}.Debug|ARM64.ActiveCfg = Debug|Any CPU
		{40FCE22B-58CA-4ECC-87F6-411EA2DCEE0E}.Debug|ARM64.Build.0 = Debug|Any CPU
		{40FCE22B-58CA-4ECC-87F6-411EA2DCEE0E}.Debug|x64.ActiveCfg = Debug|Any CPU
		{40FCE22B-58CA-4ECC-87F6-411EA2DCEE0E}.Debug|x64.Build.0 = Debug|Any CPU
		{40FCE22B-58CA-4ECC-87F6-411EA2DCEE0E}.Debug|x86.ActiveCfg = Debug|Any CPU
		{40FCE22B-58CA-4ECC-87F6-411EA2DCEE0E}.Debug|x86.Build.0 = Debug|Any CPU
		{40FCE22B-58CA-4ECC-87F6-411EA2DCEE0E}.Release|Any CPU.ActiveCfg = Release|Any CPU
		{40FCE22B-58CA-4ECC-87F6-411EA2DCEE0E}.Release|Any CPU.Build.0 = Release|Any CPU
		{40FCE22B-58CA-4ECC-87F6-411EA2DCEE0E}.Release|ARM.ActiveCfg = Release|Any CPU
		{40FCE22B-58CA-4ECC-87F6-411EA2DCEE0E}.Release|ARM.Build.0 = Release|Any CPU
		{40FCE22B-58CA-4ECC-87F6-411EA2DCEE0E}.Release|ARM64.ActiveCfg = Release|Any CPU
		{40FCE22B-58CA-4ECC-87F6-411EA2DCEE0E}.Release|ARM64.Build.0 = Release|Any CPU
		{40FCE22B-58CA-4ECC-87F6-411EA2DCEE0E}.Release|x64.ActiveCfg = Release|Any CPU
		{40FCE22B-58CA-4ECC-87F6-411EA2DCEE0E}.Release|x64.Build.0 = Release|Any CPU
		{40FCE22B-58CA-4ECC-87F6-411EA2DCEE0E}.Release|x86.ActiveCfg = Release|Any CPU
		{40FCE22B-58CA-4ECC-87F6-411EA2DCEE0E}.Release|x86.Build.0 = Release|Any CPU
		{B38E2B80-D395-43C6-8F4E-79223AAF2CDA}.Debug|Any CPU.ActiveCfg = Debug|Any CPU
		{B38E2B80-D395-43C6-8F4E-79223AAF2CDA}.Debug|Any CPU.Build.0 = Debug|Any CPU
		{B38E2B80-D395-43C6-8F4E-79223AAF2CDA}.Debug|ARM.ActiveCfg = Debug|Any CPU
		{B38E2B80-D395-43C6-8F4E-79223AAF2CDA}.Debug|ARM.Build.0 = Debug|Any CPU
		{B38E2B80-D395-43C6-8F4E-79223AAF2CDA}.Debug|ARM64.ActiveCfg = Debug|Any CPU
		{B38E2B80-D395-43C6-8F4E-79223AAF2CDA}.Debug|ARM64.Build.0 = Debug|Any CPU
		{B38E2B80-D395-43C6-8F4E-79223AAF2CDA}.Debug|x64.ActiveCfg = Debug|Any CPU
		{B38E2B80-D395-43C6-8F4E-79223AAF2CDA}.Debug|x64.Build.0 = Debug|Any CPU
		{B38E2B80-D395-43C6-8F4E-79223AAF2CDA}.Debug|x86.ActiveCfg = Debug|Any CPU
		{B38E2B80-D395-43C6-8F4E-79223AAF2CDA}.Debug|x86.Build.0 = Debug|Any CPU
		{B38E2B80-D395-43C6-8F4E-79223AAF2CDA}.Release|Any CPU.ActiveCfg = Release|Any CPU
		{B38E2B80-D395-43C6-8F4E-79223AAF2CDA}.Release|Any CPU.Build.0 = Release|Any CPU
		{B38E2B80-D395-43C6-8F4E-79223AAF2CDA}.Release|ARM.ActiveCfg = Release|Any CPU
		{B38E2B80-D395-43C6-8F4E-79223AAF2CDA}.Release|ARM.Build.0 = Release|Any CPU
		{B38E2B80-D395-43C6-8F4E-79223AAF2CDA}.Release|ARM64.ActiveCfg = Release|Any CPU
		{B38E2B80-D395-43C6-8F4E-79223AAF2CDA}.Release|ARM64.Build.0 = Release|Any CPU
		{B38E2B80-D395-43C6-8F4E-79223AAF2CDA}.Release|x64.ActiveCfg = Release|Any CPU
		{B38E2B80-D395-43C6-8F4E-79223AAF2CDA}.Release|x64.Build.0 = Release|Any CPU
		{B38E2B80-D395-43C6-8F4E-79223AAF2CDA}.Release|x86.ActiveCfg = Release|Any CPU
		{B38E2B80-D395-43C6-8F4E-79223AAF2CDA}.Release|x86.Build.0 = Release|Any CPU
		{D28ED644-4C8F-4C62-8B50-975102482987}.Debug|Any CPU.ActiveCfg = Debug|Any CPU
		{D28ED644-4C8F-4C62-8B50-975102482987}.Debug|Any CPU.Build.0 = Debug|Any CPU
		{D28ED644-4C8F-4C62-8B50-975102482987}.Debug|ARM.ActiveCfg = Debug|Any CPU
		{D28ED644-4C8F-4C62-8B50-975102482987}.Debug|ARM.Build.0 = Debug|Any CPU
		{D28ED644-4C8F-4C62-8B50-975102482987}.Debug|ARM64.ActiveCfg = Debug|Any CPU
		{D28ED644-4C8F-4C62-8B50-975102482987}.Debug|ARM64.Build.0 = Debug|Any CPU
		{D28ED644-4C8F-4C62-8B50-975102482987}.Debug|x64.ActiveCfg = Debug|Any CPU
		{D28ED644-4C8F-4C62-8B50-975102482987}.Debug|x64.Build.0 = Debug|Any CPU
		{D28ED644-4C8F-4C62-8B50-975102482987}.Debug|x86.ActiveCfg = Debug|Any CPU
		{D28ED644-4C8F-4C62-8B50-975102482987}.Debug|x86.Build.0 = Debug|Any CPU
		{D28ED644-4C8F-4C62-8B50-975102482987}.Release|Any CPU.ActiveCfg = Release|Any CPU
		{D28ED644-4C8F-4C62-8B50-975102482987}.Release|Any CPU.Build.0 = Release|Any CPU
		{D28ED644-4C8F-4C62-8B50-975102482987}.Release|ARM.ActiveCfg = Release|Any CPU
		{D28ED644-4C8F-4C62-8B50-975102482987}.Release|ARM.Build.0 = Release|Any CPU
		{D28ED644-4C8F-4C62-8B50-975102482987}.Release|ARM64.ActiveCfg = Release|Any CPU
		{D28ED644-4C8F-4C62-8B50-975102482987}.Release|ARM64.Build.0 = Release|Any CPU
		{D28ED644-4C8F-4C62-8B50-975102482987}.Release|x64.ActiveCfg = Release|Any CPU
		{D28ED644-4C8F-4C62-8B50-975102482987}.Release|x64.Build.0 = Release|Any CPU
		{D28ED644-4C8F-4C62-8B50-975102482987}.Release|x86.ActiveCfg = Release|Any CPU
		{D28ED644-4C8F-4C62-8B50-975102482987}.Release|x86.Build.0 = Release|Any CPU
	EndGlobalSection
	GlobalSection(SolutionProperties) = preSolution
		HideSolutionNode = FALSE
	EndGlobalSection
	GlobalSection(ExtensibilityGlobals) = postSolution
		SolutionGuid = {9672B106-E8D9-4273-9E63-69C2FD0642D3}
	EndGlobalSection
EndGlobal
