Microsoft Visual Studio Solution File, Format Version 12.00
# Visual Studio Version 17
VisualStudioVersion = 17.5.2.0
MinimumVisualStudioVersion = 10.0.40219.1
Project("{FAE04EC0-301F-11D3-BF4B-00C04F79EFBC}") = "MyCSharpApp", "MyCSharpApp\MyCSharpApp.csproj", "{58056028-A20C-7DA6-590A-4FAFCDFF489D}"
EndProject
Project("{B7DD6F7E-DEF8-4E67-B5B7-07EF123DB6F0}") = "MSIPackage", "MSIPackage\MSIPackage.wixproj", "{D574FDAC-3CCE-4F19-B2BF-4E1736310157}"
EndProject
Global
	GlobalSection(SolutionConfigurationPlatforms) = preSolution
		Debug|Any CPU = Debug|Any CPU
		Debug|ARM64 = Debug|ARM64
		Debug|x64 = Debug|x64
		Debug|x86 = Debug|x86
		Release|Any CPU = Release|Any CPU
		Release|ARM64 = Release|ARM64
		Release|x64 = Release|x64
		Release|x86 = Release|x86
	EndGlobalSection
	GlobalSection(ProjectConfigurationPlatforms) = postSolution
		{58056028-A20C-7DA6-590A-4FAFCDFF489D}.Debug|Any CPU.ActiveCfg = Debug|Any CPU
		{58056028-A20C-7DA6-590A-4FAFCDFF489D}.Debug|Any CPU.Build.0 = Debug|Any CPU
		{58056028-A20C-7DA6-590A-4FAFCDFF489D}.Debug|ARM64.ActiveCfg = Debug|Any CPU
		{58056028-A20C-7DA6-590A-4FAFCDFF489D}.Debug|ARM64.Build.0 = Debug|Any CPU
		{58056028-A20C-7DA6-590A-4FAFCDFF489D}.Debug|x64.ActiveCfg = Debug|Any CPU
		{58056028-A20C-7DA6-590A-4FAFCDFF489D}.Debug|x64.Build.0 = Debug|Any CPU
		{58056028-A20C-7DA6-590A-4FAFCDFF489D}.Debug|x86.ActiveCfg = Debug|Any CPU
		{58056028-A20C-7DA6-590A-4FAFCDFF489D}.Debug|x86.Build.0 = Debug|Any CPU
		{58056028-A20C-7DA6-590A-4FAFCDFF489D}.Release|Any CPU.ActiveCfg = Release|Any CPU
		{58056028-A20C-7DA6-590A-4FAFCDFF489D}.Release|Any CPU.Build.0 = Release|Any CPU
		{58056028-A20C-7DA6-590A-4FAFCDFF489D}.Release|ARM64.ActiveCfg = Release|Any CPU
		{58056028-A20C-7DA6-590A-4FAFCDFF489D}.Release|ARM64.Build.0 = Release|Any CPU
		{58056028-A20C-7DA6-590A-4FAFCDFF489D}.Release|x64.ActiveCfg = Release|Any CPU
		{58056028-A20C-7DA6-590A-4FAFCDFF489D}.Release|x64.Build.0 = Release|Any CPU
		{58056028-A20C-7DA6-590A-4FAFCDFF489D}.Release|x86.ActiveCfg = Release|Any CPU
		{58056028-A20C-7DA6-590A-4FAFCDFF489D}.Release|x86.Build.0 = Release|Any CPU
		{D574FDAC-3CCE-4F19-B2BF-4E1736310157}.Debug|Any CPU.ActiveCfg = Debug|x64
		{D574FDAC-3CCE-4F19-B2BF-4E1736310157}.Debug|Any CPU.Build.0 = Debug|x64
		{D574FDAC-3CCE-4F19-B2BF-4E1736310157}.Debug|ARM64.ActiveCfg = Debug|ARM64
		{D574FDAC-3CCE-4F19-B2BF-4E1736310157}.Debug|ARM64.Build.0 = Debug|ARM64
		{D574FDAC-3CCE-4F19-B2BF-4E1736310157}.Debug|x64.ActiveCfg = Debug|x64
		{D574FDAC-3CCE-4F19-B2BF-4E1736310157}.Debug|x64.Build.0 = Debug|x64
		{D574FDAC-3CCE-4F19-B2BF-4E1736310157}.Debug|x86.ActiveCfg = Debug|x86
		{D574FDAC-3CCE-4F19-B2BF-4E1736310157}.Debug|x86.Build.0 = Debug|x86
		{D574FDAC-3CCE-4F19-B2BF-4E1736310157}.Release|Any CPU.ActiveCfg = Release|x64
		{D574FDAC-3CCE-4F19-B2BF-4E1736310157}.Release|Any CPU.Build.0 = Release|x64
		{D574FDAC-3CCE-4F19-B2BF-4E1736310157}.Release|ARM64.ActiveCfg = Release|ARM64
		{D574FDAC-3CCE-4F19-B2BF-4E1736310157}.Release|ARM64.Build.0 = Release|ARM64
		{D574FDAC-3CCE-4F19-B2BF-4E1736310157}.Release|x64.ActiveCfg = Release|x64
		{D574FDAC-3CCE-4F19-B2BF-4E1736310157}.Release|x64.Build.0 = Release|x64
		{D574FDAC-3CCE-4F19-B2BF-4E1736310157}.Release|x86.ActiveCfg = Release|x86
		{D574FDAC-3CCE-4F19-B2BF-4E1736310157}.Release|x86.Build.0 = Release|x86
	EndGlobalSection
	GlobalSection(SolutionProperties) = preSolution
		HideSolutionNode = FALSE
	EndGlobalSection
	GlobalSection(ExtensibilityGlobals) = postSolution
		SolutionGuid = {9672B106-E8D9-4273-9E63-69C2FD0642D3}
	EndGlobalSection
EndGlobal
